// !$*UTF8*$!
{
	archiveVersion = 1;
	classes = {
	};
	objectVersion = 56;
	objects = {

/* Begin PBXBuildFile section */
		2E3645162B89E3FB0050A5C2 /* GoalsManager.swift in Sources */ = {isa = PBXBuildFile; fileRef = 2E3645152B89E3FB0050A5C2 /* GoalsManager.swift */; };
		2EAF7B082B8261EF00A14D4F /* MagicNavMenuApp.swift in Sources */ = {isa = PBXBuildFile; fileRef = 2EAF7B072B8261EF00A14D4F /* MagicNavMenuApp.swift */; };
		2EAF7B0A2B8261EF00A14D4F /* CustomTabBarView.swift in Sources */ = {isa = PBXBuildFile; fileRef = 2EAF7B092B8261EF00A14D4F /* CustomTabBarView.swift */; };
		2EAF7B0C2B8261F000A14D4F /* Assets.xcassets in Resources */ = {isa = PBXBuildFile; fileRef = 2EAF7B0B2B8261F000A14D4F /* Assets.xcassets */; };
		2EAF7B0F2B8261F000A14D4F /* Preview Assets.xcassets in Resources */ = {isa = PBXBuildFile; fileRef = 2EAF7B0E2B8261F000A14D4F /* Preview Assets.xcassets */; };
		2EAF7B162B8265D600A14D4F /* HomeView.swift in Sources */ = {isa = PBXBuildFile; fileRef = 2EAF7B152B8265D600A14D4F /* HomeView.swift */; };
		2EAF7B182B82660300A14D4F /* ListView.swift in Sources */ = {isa = PBXBuildFile; fileRef = 2EAF7B172B82660300A14D4F /* ListView.swift */; };
		2EAF7B1E2B82663200A14D4F /* SettingsView.swift in Sources */ = {isa = PBXBuildFile; fileRef = 2EAF7B1D2B82663200A14D4F /* SettingsView.swift */; };
		2EB1DA302B879EF40060C83D /* AddGoalView.swift in Sources */ = {isa = PBXBuildFile; fileRef = 2EB1DA2F2B879EF40060C83D /* AddGoalView.swift */; };
/* End PBXBuildFile section */

/* Begin PBXFileReference section */
		2E3645152B89E3FB0050A5C2 /* GoalsManager.swift */ = {isa = PBXFileReference; lastKnownFileType = sourcecode.swift; path = GoalsManager.swift; sourceTree = "<group>"; };
		2EAF7B042B8261EF00A14D4F /* MagicNavMenu.app */ = {isa = PBXFileReference; explicitFileType = wrapper.application; includeInIndex = 0; path = MagicNavMenu.app; sourceTree = BUILT_PRODUCTS_DIR; };
		2EAF7B072B8261EF00A14D4F /* MagicNavMenuApp.swift */ = {isa = PBXFileReference; lastKnownFileType = sourcecode.swift; path = MagicNavMenuApp.swift; sourceTree = "<group>"; };
		2EAF7B092B8261EF00A14D4F /* CustomTabBarView.swift */ = {isa = PBXFileReference; lastKnownFileType = sourcecode.swift; path = CustomTabBarView.swift; sourceTree = "<group>"; };
		2EAF7B0B2B8261F000A14D4F /* Assets.xcassets */ = {isa = PBXFileReference; lastKnownFileType = folder.assetcatalog; path = Assets.xcassets; sourceTree = "<group>"; };
		2EAF7B0E2B8261F000A14D4F /* Preview Assets.xcassets */ = {isa = PBXFileReference; lastKnownFileType = folder.assetcatalog; path = "Preview Assets.xcassets"; sourceTree = "<group>"; };
		2EAF7B152B8265D600A14D4F /* HomeView.swift */ = {isa = PBXFileReference; lastKnownFileType = sourcecode.swift; path = HomeView.swift; sourceTree = "<group>"; };
		2EAF7B172B82660300A14D4F /* ListView.swift */ = {isa = PBXFileReference; lastKnownFileType = sourcecode.swift; path = ListView.swift; sourceTree = "<group>"; };
		2EAF7B1D2B82663200A14D4F /* SettingsView.swift */ = {isa = PBXFileReference; lastKnownFileType = sourcecode.swift; path = SettingsView.swift; sourceTree = "<group>"; };
		2EB1DA2F2B879EF40060C83D /* AddGoalView.swift */ = {isa = PBXFileReference; lastKnownFileType = sourcecode.swift; path = AddGoalView.swift; sourceTree = "<group>"; };
/* End PBXFileReference section */

/* Begin PBXFrameworksBuildPhase section */
		2EAF7B012B8261EF00A14D4F /* Frameworks */ = {
			isa = PBXFrameworksBuildPhase;
			buildActionMask = 2147483647;
			files = (
			);
			runOnlyForDeploymentPostprocessing = 0;
		};
/* End PBXFrameworksBuildPhase section */

/* Begin PBXGroup section */
		2EAF7AFB2B8261EF00A14D4F = {
			isa = PBXGroup;
			children = (
				2EAF7B062B8261EF00A14D4F /* MagicNavMenu */,
				2EAF7B052B8261EF00A14D4F /* Products */,
			);
			sourceTree = "<group>";
		};
		2EAF7B052B8261EF00A14D4F /* Products */ = {
			isa = PBXGroup;
			children = (
				2EAF7B042B8261EF00A14D4F /* MagicNavMenu.app */,
			);
			name = Products;
			sourceTree = "<group>";
		};
		2EAF7B062B8261EF00A14D4F /* MagicNavMenu */ = {
			isa = PBXGroup;
			children = (
				2EAF7B072B8261EF00A14D4F /* MagicNavMenuApp.swift */,
				2EAF7B092B8261EF00A14D4F /* CustomTabBarView.swift */,
				2E3645152B89E3FB0050A5C2 /* GoalsManager.swift */,
				2EB1DA282B879D340060C83D /* HomeScreen */,
				2EB1DA292B879D4C0060C83D /* ListScreen */,
				2EB1DA2A2B879D500060C83D /* SettingsScreen */,
				2EAF7B0B2B8261F000A14D4F /* Assets.xcassets */,
				2EAF7B0D2B8261F000A14D4F /* Preview Content */,
			);
			path = MagicNavMenu;
			sourceTree = "<group>";
		};
		2EAF7B0D2B8261F000A14D4F /* Preview Content */ = {
			isa = PBXGroup;
			children = (
				2EAF7B0E2B8261F000A14D4F /* Preview Assets.xcassets */,
			);
			path = "Preview Content";
			sourceTree = "<group>";
		};
		2EB1DA282B879D340060C83D /* HomeScreen */ = {
			isa = PBXGroup;
			children = (
				2EAF7B152B8265D600A14D4F /* HomeView.swift */,
				2EB1DA2F2B879EF40060C83D /* AddGoalView.swift */,
			);
			path = HomeScreen;
			sourceTree = "<group>";
		};
		2EB1DA292B879D4C0060C83D /* ListScreen */ = {
			isa = PBXGroup;
			children = (
				2EAF7B172B82660300A14D4F /* ListView.swift */,
			);
			path = ListScreen;
			sourceTree = "<group>";
		};
		2EB1DA2A2B879D500060C83D /* SettingsScreen */ = {
			isa = PBXGroup;
			children = (
				2EAF7B1D2B82663200A14D4F /* SettingsView.swift */,
			);
			path = SettingsScreen;
			sourceTree = "<group>";
		};
/* End PBXGroup section */

/* Begin PBXNativeTarget section */
		2EAF7B032B8261EF00A14D4F /* MagicNavMenu */ = {
			isa = PBXNativeTarget;
			buildConfigurationList = 2EAF7B122B8261F000A14D4F /* Build configuration list for PBXNativeTarget "MagicNavMenu" */;
			buildPhases = (
				2EAF7B002B8261EF00A14D4F /* Sources */,
				2EAF7B012B8261EF00A14D4F /* Frameworks */,
				2EAF7B022B8261EF00A14D4F /* Resources */,
			);
			buildRules = (
			);
			dependencies = (
			);
			name = MagicNavMenu;
			productName = MagicNavMenu;
			productReference = 2EAF7B042B8261EF00A14D4F /* MagicNavMenu.app */;
			productType = "com.apple.product-type.application";
		};
/* End PBXNativeTarget section */

/* Begin PBXProject section */
		2EAF7AFC2B8261EF00A14D4F /* Project object */ = {
			isa = PBXProject;
			attributes = {
				BuildIndependentTargetsInParallel = 1;
				LastSwiftUpdateCheck = 1430;
				LastUpgradeCheck = 1430;
				TargetAttributes = {
					2EAF7B032B8261EF00A14D4F = {
						CreatedOnToolsVersion = 14.3.1;
					};
				};
			};
			buildConfigurationList = 2EAF7AFF2B8261EF00A14D4F /* Build configuration list for PBXProject "MagicNavMenu" */;
			compatibilityVersion = "Xcode 14.0";
			developmentRegion = en;
			hasScannedForEncodings = 0;
			knownRegions = (
				en,
				Base,
			);
			mainGroup = 2EAF7AFB2B8261EF00A14D4F;
			productRefGroup = 2EAF7B052B8261EF00A14D4F /* Products */;
			projectDirPath = "";
			projectRoot = "";
			targets = (
				2EAF7B032B8261EF00A14D4F /* MagicNavMenu */,
			);
		};
/* End PBXProject section */

/* Begin PBXResourcesBuildPhase section */
		2EAF7B022B8261EF00A14D4F /* Resources */ = {
			isa = PBXResourcesBuildPhase;
			buildActionMask = 2147483647;
			files = (
				2EAF7B0F2B8261F000A14D4F /* Preview Assets.xcassets in Resources */,
				2EAF7B0C2B8261F000A14D4F /* Assets.xcassets in Resources */,
			);
			runOnlyForDeploymentPostprocessing = 0;
		};
/* End PBXResourcesBuildPhase section */

/* Begin PBXSourcesBuildPhase section */
		2EAF7B002B8261EF00A14D4F /* Sources */ = {
			isa = PBXSourcesBuildPhase;
			buildActionMask = 2147483647;
			files = (
				2E3645162B89E3FB0050A5C2 /* GoalsManager.swift in Sources */,
				2EAF7B1E2B82663200A14D4F /* SettingsView.swift in Sources */,
				2EAF7B182B82660300A14D4F /* ListView.swift in Sources */,
				2EB1DA302B879EF40060C83D /* AddGoalView.swift in Sources */,
				2EAF7B162B8265D600A14D4F /* HomeView.swift in Sources */,
				2EAF7B0A2B8261EF00A14D4F /* CustomTabBarView.swift in Sources */,
				2EAF7B082B8261EF00A14D4F /* MagicNavMenuApp.swift in Sources */,
			);
			runOnlyForDeploymentPostprocessing = 0;
		};
/* End PBXSourcesBuildPhase section */

/* Begin XCBuildConfiguration section */
		2EAF7B102B8261F000A14D4F /* Debug */ = {
			isa = XCBuildConfiguration;
			buildSettings = {
				ALWAYS_SEARCH_USER_PATHS = NO;
				CLANG_ANALYZER_NONNULL = YES;
				CLANG_ANALYZER_NUMBER_OBJECT_CONVERSION = YES_AGGRESSIVE;
				CLANG_CXX_LANGUAGE_STANDARD = "gnu++20";
				CLANG_ENABLE_MODULES = YES;
				CLANG_ENABLE_OBJC_ARC = YES;
				CLANG_ENABLE_OBJC_WEAK = YES;
				CLANG_WARN_BLOCK_CAPTURE_AUTORELEASING = YES;
				CLANG_WARN_BOOL_CONVERSION = YES;
				CLANG_WARN_COMMA = YES;
				CLANG_WARN_CONSTANT_CONVERSION = YES;
				CLANG_WARN_DEPRECATED_OBJC_IMPLEMENTATIONS = YES;
				CLANG_WARN_DIRECT_OBJC_ISA_USAGE = YES_ERROR;
				CLANG_WARN_DOCUMENTATION_COMMENTS = YES;
				CLANG_WARN_EMPTY_BODY = YES;
				CLANG_WARN_ENUM_CONVERSION = YES;
				CLANG_WARN_INFINITE_RECURSION = YES;
				CLANG_WARN_INT_CONVERSION = YES;
				CLANG_WARN_NON_LITERAL_NULL_CONVERSION = YES;
				CLANG_WARN_OBJC_IMPLICIT_RETAIN_SELF = YES;
				CLANG_WARN_OBJC_LITERAL_CONVERSION = YES;
				CLANG_WARN_OBJC_ROOT_CLASS = YES_ERROR;
				CLANG_WARN_QUOTED_INCLUDE_IN_FRAMEWORK_HEADER = YES;
				CLANG_WARN_RANGE_LOOP_ANALYSIS = YES;
				CLANG_WARN_STRICT_PROTOTYPES = YES;
				CLANG_WARN_SUSPICIOUS_MOVE = YES;
				CLANG_WARN_UNGUARDED_AVAILABILITY = YES_AGGRESSIVE;
				CLANG_WARN_UNREACHABLE_CODE = YES;
				CLANG_WARN__DUPLICATE_METHOD_MATCH = YES;
				COPY_PHASE_STRIP = NO;
				DEBUG_INFORMATION_FORMAT = dwarf;
				ENABLE_STRICT_OBJC_MSGSEND = YES;
				ENABLE_TESTABILITY = YES;
				GCC_C_LANGUAGE_STANDARD = gnu11;
				GCC_DYNAMIC_NO_PIC = NO;
				GCC_NO_COMMON_BLOCKS = YES;
				GCC_OPTIMIZATION_LEVEL = 0;
				GCC_PREPROCESSOR_DEFINITIONS = (
					"DEBUG=1",
					"$(inherited)",
				);
				GCC_WARN_64_TO_32_BIT_CONVERSION = YES;
				GCC_WARN_ABOUT_RETURN_TYPE = YES_ERROR;
				GCC_WARN_UNDECLARED_SELECTOR = YES;
				GCC_WARN_UNINITIALIZED_AUTOS = YES_AGGRESSIVE;
				GCC_WARN_UNUSED_FUNCTION = YES;
				GCC_WARN_UNUSED_VARIABLE = YES;
				IPHONEOS_DEPLOYMENT_TARGET = 16.4;
				MTL_ENABLE_DEBUG_INFO = INCLUDE_SOURCE;
				MTL_FAST_MATH = YES;
				ONLY_ACTIVE_ARCH = YES;
				SDKROOT = iphoneos;
				SWIFT_ACTIVE_COMPILATION_CONDITIONS = DEBUG;
				SWIFT_OPTIMIZATION_LEVEL = "-Onone";
			};
			name = Debug;
		};
		2EAF7B112B8261F000A14D4F /* Release */ = {
			isa = XCBuildConfiguration;
			buildSettings = {
				ALWAYS_SEARCH_USER_PATHS = NO;
				CLANG_ANALYZER_NONNULL = YES;
				CLANG_ANALYZER_NUMBER_OBJECT_CONVERSION = YES_AGGRESSIVE;
				CLANG_CXX_LANGUAGE_STANDARD = "gnu++20";
				CLANG_ENABLE_MODULES = YES;
				CLANG_ENABLE_OBJC_ARC = YES;
				CLANG_ENABLE_OBJC_WEAK = YES;
				CLANG_WARN_BLOCK_CAPTURE_AUTORELEASING = YES;
				CLANG_WARN_BOOL_CONVERSION = YES;
				CLANG_WARN_COMMA = YES;
				CLANG_WARN_CONSTANT_CONVERSION = YES;
				CLANG_WARN_DEPRECATED_OBJC_IMPLEMENTATIONS = YES;
				CLANG_WARN_DIRECT_OBJC_ISA_USAGE = YES_ERROR;
				CLANG_WARN_DOCUMENTATION_COMMENTS = YES;
				CLANG_WARN_EMPTY_BODY = YES;
				CLANG_WARN_ENUM_CONVERSION = YES;
				CLANG_WARN_INFINITE_RECURSION = YES;
				CLANG_WARN_INT_CONVERSION = YES;
				CLANG_WARN_NON_LITERAL_NULL_CONVERSION = YES;
				CLANG_WARN_OBJC_IMPLICIT_RETAIN_SELF = YES;
				CLANG_WARN_OBJC_LITERAL_CONVERSION = YES;
				CLANG_WARN_OBJC_ROOT_CLASS = YES_ERROR;
				CLANG_WARN_QUOTED_INCLUDE_IN_FRAMEWORK_HEADER = YES;
				CLANG_WARN_RANGE_LOOP_ANALYSIS = YES;
				CLANG_WARN_STRICT_PROTOTYPES = YES;
				CLANG_WARN_SUSPICIOUS_MOVE = YES;
				CLANG_WARN_UNGUARDED_AVAILABILITY = YES_AGGRESSIVE;
				CLANG_WARN_UNREACHABLE_CODE = YES;
				CLANG_WARN__DUPLICATE_METHOD_MATCH = YES;
				COPY_PHASE_STRIP = NO;
				DEBUG_INFORMATION_FORMAT = "dwarf-with-dsym";
				ENABLE_NS_ASSERTIONS = NO;
				ENABLE_STRICT_OBJC_MSGSEND = YES;
				GCC_C_LANGUAGE_STANDARD = gnu11;
				GCC_NO_COMMON_BLOCKS = YES;
				GCC_WARN_64_TO_32_BIT_CONVERSION = YES;
				GCC_WARN_ABOUT_RETURN_TYPE = YES_ERROR;
				GCC_WARN_UNDECLARED_SELECTOR = YES;
				GCC_WARN_UNINITIALIZED_AUTOS = YES_AGGRESSIVE;
				GCC_WARN_UNUSED_FUNCTION = YES;
				GCC_WARN_UNUSED_VARIABLE = YES;
				IPHONEOS_DEPLOYMENT_TARGET = 16.4;
				MTL_ENABLE_DEBUG_INFO = NO;
				MTL_FAST_MATH = YES;
				SDKROOT = iphoneos;
				SWIFT_COMPILATION_MODE = wholemodule;
				SWIFT_OPTIMIZATION_LEVEL = "-O";
				VALIDATE_PRODUCT = YES;
			};
			name = Release;
		};
		2EAF7B132B8261F000A14D4F /* Debug */ = {
			isa = XCBuildConfiguration;
			buildSettings = {
				ASSETCATALOG_COMPILER_APPICON_NAME = AppIcon;
				ASSETCATALOG_COMPILER_GLOBAL_ACCENT_COLOR_NAME = AccentColor;
				CODE_SIGN_STYLE = Automatic;
				CURRENT_PROJECT_VERSION = 1;
				DEVELOPMENT_ASSET_PATHS = "\"MagicNavMenu/Preview Content\"";
				ENABLE_PREVIEWS = YES;
				GENERATE_INFOPLIST_FILE = YES;
				INFOPLIST_KEY_UIApplicationSceneManifest_Generation = YES;
				INFOPLIST_KEY_UIApplicationSupportsIndirectInputEvents = YES;
				INFOPLIST_KEY_UILaunchScreen_Generation = YES;
				INFOPLIST_KEY_UISupportedInterfaceOrientations_iPad = "UIInterfaceOrientationPortrait UIInterfaceOrientationPortraitUpsideDown UIInterfaceOrientationLandscapeLeft UIInterfaceOrientationLandscapeRight";
				INFOPLIST_KEY_UISupportedInterfaceOrientations_iPhone = "UIInterfaceOrientationPortrait UIInterfaceOrientationLandscapeLeft UIInterfaceOrientationLandscapeRight";
				LD_RUNPATH_SEARCH_PATHS = (
					"$(inherited)",
					"@executable_path/Frameworks",
				);
				MARKETING_VERSION = 1.0;
				PRODUCT_BUNDLE_IDENTIFIER = aizada.MagicNavMenu;
				PRODUCT_NAME = "$(TARGET_NAME)";
				SWIFT_EMIT_LOC_STRINGS = YES;
				SWIFT_VERSION = 5.0;
				TARGETED_DEVICE_FAMILY = "1,2";
			};
			name = Debug;
		};
		2EAF7B142B8261F000A14D4F /* Release */ = {
			isa = XCBuildConfiguration;
			buildSettings = {
				ASSETCATALOG_COMPILER_APPICON_NAME = AppIcon;
				ASSETCATALOG_COMPILER_GLOBAL_ACCENT_COLOR_NAME = AccentColor;
				CODE_SIGN_STYLE = Automatic;
				CURRENT_PROJECT_VERSION = 1;
				DEVELOPMENT_ASSET_PATHS = "\"MagicNavMenu/Preview Content\"";
				ENABLE_PREVIEWS = YES;
				GENERATE_INFOPLIST_FILE = YES;
				INFOPLIST_KEY_UIApplicationSceneManifest_Generation = YES;
				INFOPLIST_KEY_UIApplicationSupportsIndirectInputEvents = YES;
				INFOPLIST_KEY_UILaunchScreen_Generation = YES;
				INFOPLIST_KEY_UISupportedInterfaceOrientations_iPad = "UIInterfaceOrientationPortrait UIInterfaceOrientationPortraitUpsideDown UIInterfaceOrientationLandscapeLeft UIInterfaceOrientationLandscapeRight";
				INFOPLIST_KEY_UISupportedInterfaceOrientations_iPhone = "UIInterfaceOrientationPortrait UIInterfaceOrientationLandscapeLeft UIInterfaceOrientationLandscapeRight";
				LD_RUNPATH_SEARCH_PATHS = (
					"$(inherited)",
					"@executable_path/Frameworks",
				);
				MARKETING_VERSION = 1.0;
				PRODUCT_BUNDLE_IDENTIFIER = aizada.MagicNavMenu;
				PRODUCT_NAME = "$(TARGET_NAME)";
				SWIFT_EMIT_LOC_STRINGS = YES;
				SWIFT_VERSION = 5.0;
				TARGETED_DEVICE_FAMILY = "1,2";
			};
			name = Release;
		};
/* End XCBuildConfiguration section */

/* Begin XCConfigurationList section */
		2EAF7AFF2B8261EF00A14D4F /* Build configuration list for PBXProject "MagicNavMenu" */ = {
			isa = XCConfigurationList;
			buildConfigurations = (
				2EAF7B102B8261F000A14D4F /* Debug */,
				2EAF7B112B8261F000A14D4F /* Release */,
			);
			defaultConfigurationIsVisible = 0;
			defaultConfigurationName = Release;
		};
		2EAF7B122B8261F000A14D4F /* Build configuration list for PBXNativeTarget "MagicNavMenu" */ = {
			isa = XCConfigurationList;
			buildConfigurations = (
				2EAF7B132B8261F000A14D4F /* Debug */,
				2EAF7B142B8261F000A14D4F /* Release */,
			);
			defaultConfigurationIsVisible = 0;
			defaultConfigurationName = Release;
		};
/* End XCConfigurationList section */
	};
	rootObject = 2EAF7AFC2B8261EF00A14D4F /* Project object */;
}
